
Microsoft Visual Studio Solution File, Format Version 12.00
# Visual Studio Version 16
VisualStudioVersion = 16.0.30320.27
MinimumVisualStudioVersion = 10.0.40219.1
Project("{FAE04EC0-301F-11D3-BF4B-00C04F79EFBC}") = "ValidaCLABE", "ValidaCLABE\ValidaCLABE.csproj", "{A3436F73-9F33-4716-B90B-AE1F9DCF1884}"
EndProject
Project("{FAE04EC0-301F-11D3-BF4B-00C04F79EFBC}") = "UnitTestValidaCLABE", "UnitTestValidaCLABE\UnitTestValidaCLABE.csproj", "{3D7448EF-75BC-457D-AAB2-4CCD167F5E3C}"
EndProject
Project("{FAE04EC0-301F-11D3-BF4B-00C04F79EFBC}") = "ValidaCLABESample", "ValidaCLABESample\ValidaCLABESample.csproj", "{C905D3CD-912D-46F6-BEEE-DC53416CFE41}"
EndProject
Global
	GlobalSection(SolutionConfigurationPlatforms) = preSolution
		Debug|Any CPU = Debug|Any CPU
		Release|Any CPU = Release|Any CPU
	EndGlobalSection
	GlobalSection(ProjectConfigurationPlatforms) = postSolution
		{A3436F73-9F33-4716-B90B-AE1F9DCF1884}.Debug|Any CPU.ActiveCfg = Debug|Any CPU
		{A3436F73-9F33-4716-B90B-AE1F9DCF1884}.Debug|Any CPU.Build.0 = Debug|Any CPU
		{A3436F73-9F33-4716-B90B-AE1F9DCF1884}.Release|Any CPU.ActiveCfg = Release|Any CPU
		{A3436F73-9F33-4716-B90B-AE1F9DCF1884}.Release|Any CPU.Build.0 = Release|Any CPU
		{3D7448EF-75BC-457D-AAB2-4CCD167F5E3C}.Debug|Any CPU.ActiveCfg = Debug|Any CPU
		{3D7448EF-75BC-457D-AAB2-4CCD167F5E3C}.Debug|Any CPU.Build.0 = Debug|Any CPU
		{3D7448EF-75BC-457D-AAB2-4CCD167F5E3C}.Release|Any CPU.ActiveCfg = Release|Any CPU
		{3D7448EF-75BC-457D-AAB2-4CCD167F5E3C}.Release|Any CPU.Build.0 = Release|Any CPU
		{C905D3CD-912D-46F6-BEEE-DC53416CFE41}.Debug|Any CPU.ActiveCfg = Debug|Any CPU
		{C905D3CD-912D-46F6-BEEE-DC53416CFE41}.Debug|Any CPU.Build.0 = Debug|Any CPU
		{C905D3CD-912D-46F6-BEEE-DC53416CFE41}.Release|Any CPU.ActiveCfg = Release|Any CPU
		{C905D3CD-912D-46F6-BEEE-DC53416CFE41}.Release|Any CPU.Build.0 = Release|Any CPU
	EndGlobalSection
	GlobalSection(SolutionProperties) = preSolution
		HideSolutionNode = FALSE
	EndGlobalSection
	GlobalSection(ExtensibilityGlobals) = postSolution
		SolutionGuid = {0C727D26-EBF2-497C-856F-96F4E16B376C}
	EndGlobalSection
EndGlobal
